
Microsoft Visual Studio Solution File, Format Version 12.00
# Visual Studio Version 17
VisualStudioVersion = 17.12.35506.116
MinimumVisualStudioVersion = 10.0.40219.1
Project("{FAE04EC0-301F-11D3-BF4B-00C04F79EFBC}") = "KeySpaceValidationProgram", "KeySpaceValidationProgram.csproj", "{29430086-83E1-4B96-9789-D16FBDF2E037}"
EndProject
Project("{FAE04EC0-301F-11D3-BF4B-00C04F79EFBC}") = "CreatorContentEvolutionAnalyzer", "..\CreatorContentEvolutionAnalyzer\CreatorContentEvolutionAnalyzer.csproj", "{2EC4FAA5-07FC-4559-AFD3-0B1B1FF3412D}"
EndProject
Global
	GlobalSection(SolutionConfigurationPlatforms) = preSolution
		Debug|Any CPU = Debug|Any CPU
		Release|Any CPU = Release|Any CPU
	EndGlobalSection
	GlobalSection(ProjectConfigurationPlatforms) = postSolution
		{29430086-83E1-4B96-9789-D16FBDF2E037}.Debug|Any CPU.ActiveCfg = Debug|Any CPU
		{29430086-83E1-4B96-9789-D16FBDF2E037}.Debug|Any CPU.Build.0 = Debug|Any CPU
		{29430086-83E1-4B96-9789-D16FBDF2E037}.Release|Any CPU.ActiveCfg = Release|Any CPU
		{29430086-83E1-4B96-9789-D16FBDF2E037}.Release|Any CPU.Build.0 = Release|Any CPU
		{2EC4FAA5-07FC-4559-AFD3-0B1B1FF3412D}.Debug|Any CPU.ActiveCfg = Debug|Any CPU
		{2EC4FAA5-07FC-4559-AFD3-0B1B1FF3412D}.Debug|Any CPU.Build.0 = Debug|Any CPU
		{2EC4FAA5-07FC-4559-AFD3-0B1B1FF3412D}.Release|Any CPU.ActiveCfg = Release|Any CPU
		{2EC4FAA5-07FC-4559-AFD3-0B1B1FF3412D}.Release|Any CPU.Build.0 = Release|Any CPU
	EndGlobalSection
	GlobalSection(SolutionProperties) = preSolution
		HideSolutionNode = FALSE
	EndGlobalSection
EndGlobal
